
Microsoft Visual Studio Solution File, Format Version 12.00
# Visual Studio Version 17
VisualStudioVersion = 17.3.32901.215
MinimumVisualStudioVersion = 10.0.40219.1
Project("{FAE04EC0-301F-11D3-BF4B-00C04F79EFBC}") = "mkr1", "mkr1\mkr1.csproj", "{3F9486F9-CE5E-4686-8D18-363595E1C7EE}"
EndProject
Global
	GlobalSection(SolutionConfigurationPlatforms) = preSolution
		Debug|Any CPU = Debug|Any CPU
		Release|Any CPU = Release|Any CPU
	EndGlobalSection
	GlobalSection(ProjectConfigurationPlatforms) = postSolution
		{3F9486F9-CE5E-4686-8D18-363595E1C7EE}.Debug|Any CPU.ActiveCfg = Debug|Any CPU
		{3F9486F9-CE5E-4686-8D18-363595E1C7EE}.Debug|Any CPU.Build.0 = Debug|Any CPU
		{3F9486F9-CE5E-4686-8D18-363595E1C7EE}.Release|Any CPU.ActiveCfg = Release|Any CPU
		{3F9486F9-CE5E-4686-8D18-363595E1C7EE}.Release|Any CPU.Build.0 = Release|Any CPU
	EndGlobalSection
	GlobalSection(SolutionProperties) = preSolution
		HideSolutionNode = FALSE
	EndGlobalSection
	GlobalSection(ExtensibilityGlobals) = postSolution
		SolutionGuid = {A9245386-B38A-4B3F-86FF-C5CF21C37B2E}
	EndGlobalSection
EndGlobal
